
Microsoft Visual Studio Solution File, Format Version 12.00
# Visual Studio Version 16
VisualStudioVersion = 16.0.29411.108
MinimumVisualStudioVersion = 10.0.40219.1
Project("{FAE04EC0-301F-11D3-BF4B-00C04F79EFBC}") = "AddApiToMarketplace", "AddApiToMarketplace\AddApiToMarketplace.csproj", "{FAB31E22-149F-4FF4-8DB9-A237D768DE40}"
EndProject
Global
	GlobalSection(SolutionConfigurationPlatforms) = preSolution
		Debug|Any CPU = Debug|Any CPU
		Release|Any CPU = Release|Any CPU
	EndGlobalSection
	GlobalSection(ProjectConfigurationPlatforms) = postSolution
		{FAB31E22-149F-4FF4-8DB9-A237D768DE40}.Debug|Any CPU.ActiveCfg = Debug|Any CPU
		{FAB31E22-149F-4FF4-8DB9-A237D768DE40}.Debug|Any CPU.Build.0 = Debug|Any CPU
		{FAB31E22-149F-4FF4-8DB9-A237D768DE40}.Release|Any CPU.ActiveCfg = Release|Any CPU
		{FAB31E22-149F-4FF4-8DB9-A237D768DE40}.Release|Any CPU.Build.0 = Release|Any CPU
	EndGlobalSection
	GlobalSection(SolutionProperties) = preSolution
		HideSolutionNode = FALSE
	EndGlobalSection
	GlobalSection(ExtensibilityGlobals) = postSolution
		SolutionGuid = {29419B09-5081-48DB-B1C8-D3F4DF420519}
	EndGlobalSection
EndGlobal
